
Microsoft Visual Studio Solution File, Format Version 12.00
# Visual Studio Version 16
VisualStudioVersion = 16.0.31402.337
MinimumVisualStudioVersion = 10.0.40219.1
Project("{FAE04EC0-301F-11D3-BF4B-00C04F79EFBC}") = "ASPNetCoreRazor", "ASPNetCoreRazor\ASPNetCoreRazor.csproj", "{9E695F91-F4A4-48F1-A3AB-3F2D8749B2C0}"
EndProject
Global
	GlobalSection(SolutionConfigurationPlatforms) = preSolution
		Debug|Any CPU = Debug|Any CPU
		Release|Any CPU = Release|Any CPU
	EndGlobalSection
	GlobalSection(ProjectConfigurationPlatforms) = postSolution
		{9E695F91-F4A4-48F1-A3AB-3F2D8749B2C0}.Debug|Any CPU.ActiveCfg = Debug|Any CPU
		{9E695F91-F4A4-48F1-A3AB-3F2D8749B2C0}.Debug|Any CPU.Build.0 = Debug|Any CPU
		{9E695F91-F4A4-48F1-A3AB-3F2D8749B2C0}.Release|Any CPU.ActiveCfg = Release|Any CPU
		{9E695F91-F4A4-48F1-A3AB-3F2D8749B2C0}.Release|Any CPU.Build.0 = Release|Any CPU
	EndGlobalSection
	GlobalSection(SolutionProperties) = preSolution
		HideSolutionNode = FALSE
	EndGlobalSection
	GlobalSection(ExtensibilityGlobals) = postSolution
		SolutionGuid = {2C525E5C-D83A-475D-8FE6-4F048A7F8741}
	EndGlobalSection
EndGlobal
